train:
  cmd: python train.py
  deps:
  - path: apple_position.in
    md5: 60a4812b777eb03d9f1b284aa783cc18
    size: 50000
  - path: brains/dqn.py
    md5: c0d31465870ffa47c03b6a40d6cc3cc1
    size: 7577
  - path: brains/dqn_ann.py
    md5: f94c72090ca8cc0cb630f5ed4db8a34e
    size: 4465
  - path: neural_net/pytorch_ann.py
    md5: 4f9b87d98ddcdb8f8f0b2924e9df0f85
    size: 1277
  - path: train.py
    md5: e41228465bec55fd20ef9fbb5d6d4b97
    size: 1497
  params:
    params.yaml:
      train:
        nb_epochs: 1000
        batch_sample_size: 50
        moves_per_epoch: 200
  outs:
  - path: last_brain.pth
    md5: de7f9bc81a575ee0201b58607c00eaf2
    size: 1348258
  - path: loss.csv
    md5: 2aa55dbbe09678f584da3b2b5a9ba848
    size: 23680
  - path: rewards.csv
    md5: a5facfed24b6c15de0b4f8edeb69411f
    size: 24274
