train:
  cmd: python train.py
  deps:
  - path: apple_position.in
    md5: 60a4812b777eb03d9f1b284aa783cc18
    size: 50000
  - path: train.py
    md5: 918b580e639402c49f1005fc706e3ffb
    size: 1232
  params:
    params.yaml:
      train:
        nb_epochs: 200
        batch_sample_size: 10
        moves_per_epoch: 20
  outs:
  - path: last_brain.pth
    md5: c5ec6e6a9b6528a74a93b23f104e6f4c
    size: 2929023
  - path: loss.csv
    md5: ef258173471fc168a7c7d181a49a014c
    size: 4637
